// !$*UTF8*$!
{
	archiveVersion = 1;
	classes = {
	};
	objectVersion = 50;
	objects = {

/* Begin PBXBuildFile section */
		352676962187E3490031A54A /* AppDelegate.swift in Sources */ = {isa = PBXBuildFile; fileRef = 352676952187E3490031A54A /* AppDelegate.swift */; };
		352676982187E3490031A54A /* ViewController.swift in Sources */ = {isa = PBXBuildFile; fileRef = 352676972187E3490031A54A /* ViewController.swift */; };
		3526769B2187E3490031A54A /* Main.storyboard in Resources */ = {isa = PBXBuildFile; fileRef = 352676992187E3490031A54A /* Main.storyboard */; };
		3526769D2187E34A0031A54A /* Assets.xcassets in Resources */ = {isa = PBXBuildFile; fileRef = 3526769C2187E34A0031A54A /* Assets.xcassets */; };
		352676A02187E34A0031A54A /* LaunchScreen.storyboard in Resources */ = {isa = PBXBuildFile; fileRef = 3526769E2187E34A0031A54A /* LaunchScreen.storyboard */; };
		352676AB2187E34A0031A54A /* GlocalTests.swift in Sources */ = {isa = PBXBuildFile; fileRef = 352676AA2187E34A0031A54A /* GlocalTests.swift */; };
		352676B62187E34A0031A54A /* GlocalUITests.swift in Sources */ = {isa = PBXBuildFile; fileRef = 352676B52187E34A0031A54A /* GlocalUITests.swift */; };
/* End PBXBuildFile section */

/* Begin PBXContainerItemProxy section */
		352676A72187E34A0031A54A /* PBXContainerItemProxy */ = {
			isa = PBXContainerItemProxy;
			containerPortal = 3526768A2187E3480031A54A /* Project object */;
			proxyType = 1;
			remoteGlobalIDString = 352676912187E3480031A54A;
			remoteInfo = Glocal;
		};
		352676B22187E34A0031A54A /* PBXContainerItemProxy */ = {
			isa = PBXContainerItemProxy;
			containerPortal = 3526768A2187E3480031A54A /* Project object */;
			proxyType = 1;
			remoteGlobalIDString = 352676912187E3480031A54A;
			remoteInfo = Glocal;
		};
/* End PBXContainerItemProxy section */

/* Begin PBXFileReference section */
		352676922187E3490031A54A /* Glocal.app */ = {isa = PBXFileReference; explicitFileType = wrapper.application; includeInIndex = 0; path = Glocal.app; sourceTree = BUILT_PRODUCTS_DIR; };
		352676952187E3490031A54A /* AppDelegate.swift */ = {isa = PBXFileReference; lastKnownFileType = sourcecode.swift; path = AppDelegate.swift; sourceTree = "<group>"; };
		352676972187E3490031A54A /* ViewController.swift */ = {isa = PBXFileReference; lastKnownFileType = sourcecode.swift; path = ViewController.swift; sourceTree = "<group>"; };
		3526769A2187E3490031A54A /* Base */ = {isa = PBXFileReference; lastKnownFileType = file.storyboard; name = Base; path = Base.lproj/Main.storyboard; sourceTree = "<group>"; };
		3526769C2187E34A0031A54A /* Assets.xcassets */ = {isa = PBXFileReference; lastKnownFileType = folder.assetcatalog; path = Assets.xcassets; sourceTree = "<group>"; };
		3526769F2187E34A0031A54A /* Base */ = {isa = PBXFileReference; lastKnownFileType = file.storyboard; name = Base; path = Base.lproj/LaunchScreen.storyboard; sourceTree = "<group>"; };
		352676A12187E34A0031A54A /* Info.plist */ = {isa = PBXFileReference; lastKnownFileType = text.plist.xml; path = Info.plist; sourceTree = "<group>"; };
		352676A62187E34A0031A54A /* GlocalTests.xctest */ = {isa = PBXFileReference; explicitFileType = wrapper.cfbundle; includeInIndex = 0; path = GlocalTests.xctest; sourceTree = BUILT_PRODUCTS_DIR; };
		352676AA2187E34A0031A54A /* GlocalTests.swift */ = {isa = PBXFileReference; lastKnownFileType = sourcecode.swift; path = GlocalTests.swift; sourceTree = "<group>"; };
		352676AC2187E34A0031A54A /* Info.plist */ = {isa = PBXFileReference; lastKnownFileType = text.plist.xml; path = Info.plist; sourceTree = "<group>"; };
		352676B12187E34A0031A54A /* GlocalUITests.xctest */ = {isa = PBXFileReference; explicitFileType = wrapper.cfbundle; includeInIndex = 0; path = GlocalUITests.xctest; sourceTree = BUILT_PRODUCTS_DIR; };
		352676B52187E34A0031A54A /* GlocalUITests.swift */ = {isa = PBXFileReference; lastKnownFileType = sourcecode.swift; path = GlocalUITests.swift; sourceTree = "<group>"; };
		352676B72187E34A0031A54A /* Info.plist */ = {isa = PBXFileReference; lastKnownFileType = text.plist.xml; path = Info.plist; sourceTree = "<group>"; };
/* End PBXFileReference section */

/* Begin PBXFrameworksBuildPhase section */
		3526768F2187E3480031A54A /* Frameworks */ = {
			isa = PBXFrameworksBuildPhase;
			buildActionMask = 2147483647;
			files = (
			);
			runOnlyForDeploymentPostprocessing = 0;
		};
		352676A32187E34A0031A54A /* Frameworks */ = {
			isa = PBXFrameworksBuildPhase;
			buildActionMask = 2147483647;
			files = (
			);
			runOnlyForDeploymentPostprocessing = 0;
		};
		352676AE2187E34A0031A54A /* Frameworks */ = {
			isa = PBXFrameworksBuildPhase;
			buildActionMask = 2147483647;
			files = (
			);
			runOnlyForDeploymentPostprocessing = 0;
		};
/* End PBXFrameworksBuildPhase section */

/* Begin PBXGroup section */
		352676892187E3480031A54A = {
			isa = PBXGroup;
			children = (
				352676942187E3490031A54A /* Glocal */,
				352676A92187E34A0031A54A /* GlocalTests */,
				352676B42187E34A0031A54A /* GlocalUITests */,
				352676932187E3490031A54A /* Products */,
			);
			sourceTree = "<group>";
		};
		352676932187E3490031A54A /* Products */ = {
			isa = PBXGroup;
			children = (
				352676922187E3490031A54A /* Glocal.app */,
				352676A62187E34A0031A54A /* GlocalTests.xctest */,
				352676B12187E34A0031A54A /* GlocalUITests.xctest */,
			);
			name = Products;
			sourceTree = "<group>";
		};
		352676942187E3490031A54A /* Glocal */ = {
			isa = PBXGroup;
			children = (
				352676952187E3490031A54A /* AppDelegate.swift */,
				352676972187E3490031A54A /* ViewController.swift */,
				352676992187E3490031A54A /* Main.storyboard */,
				3526769C2187E34A0031A54A /* Assets.xcassets */,
				3526769E2187E34A0031A54A /* LaunchScreen.storyboard */,
				352676A12187E34A0031A54A /* Info.plist */,
			);
			path = Glocal;
			sourceTree = "<group>";
		};
		352676A92187E34A0031A54A /* GlocalTests */ = {
			isa = PBXGroup;
			children = (
				352676AA2187E34A0031A54A /* GlocalTests.swift */,
				352676AC2187E34A0031A54A /* Info.plist */,
			);
			path = GlocalTests;
			sourceTree = "<group>";
		};
		352676B42187E34A0031A54A /* GlocalUITests */ = {
			isa = PBXGroup;
			children = (
				352676B52187E34A0031A54A /* GlocalUITests.swift */,
				352676B72187E34A0031A54A /* Info.plist */,
			);
			path = GlocalUITests;
			sourceTree = "<group>";
		};
/* End PBXGroup section */

/* Begin PBXNativeTarget section */
		352676912187E3480031A54A /* Glocal */ = {
			isa = PBXNativeTarget;
			buildConfigurationList = 352676BA2187E34A0031A54A /* Build configuration list for PBXNativeTarget "Glocal" */;
			buildPhases = (
				3526768E2187E3480031A54A /* Sources */,
				3526768F2187E3480031A54A /* Frameworks */,
				352676902187E3480031A54A /* Resources */,
			);
			buildRules = (
			);
			dependencies = (
			);
			name = Glocal;
			productName = Glocal;
			productReference = 352676922187E3490031A54A /* Glocal.app */;
			productType = "com.apple.product-type.application";
		};
		352676A52187E34A0031A54A /* GlocalTests */ = {
			isa = PBXNativeTarget;
			buildConfigurationList = 352676BD2187E34A0031A54A /* Build configuration list for PBXNativeTarget "GlocalTests" */;
			buildPhases = (
				352676A22187E34A0031A54A /* Sources */,
				352676A32187E34A0031A54A /* Frameworks */,
				352676A42187E34A0031A54A /* Resources */,
			);
			buildRules = (
			);
			dependencies = (
				352676A82187E34A0031A54A /* PBXTargetDependency */,
			);
			name = GlocalTests;
			productName = GlocalTests;
			productReference = 352676A62187E34A0031A54A /* GlocalTests.xctest */;
			productType = "com.apple.product-type.bundle.unit-test";
		};
		352676B02187E34A0031A54A /* GlocalUITests */ = {
			isa = PBXNativeTarget;
			buildConfigurationList = 352676C02187E34A0031A54A /* Build configuration list for PBXNativeTarget "GlocalUITests" */;
			buildPhases = (
				352676AD2187E34A0031A54A /* Sources */,
				352676AE2187E34A0031A54A /* Frameworks */,
				352676AF2187E34A0031A54A /* Resources */,
			);
			buildRules = (
			);
			dependencies = (
				352676B32187E34A0031A54A /* PBXTargetDependency */,
			);
			name = GlocalUITests;
			productName = GlocalUITests;
			productReference = 352676B12187E34A0031A54A /* GlocalUITests.xctest */;
			productType = "com.apple.product-type.bundle.ui-testing";
		};
/* End PBXNativeTarget section */

/* Begin PBXProject section */
		3526768A2187E3480031A54A /* Project object */ = {
			isa = PBXProject;
			attributes = {
				LastSwiftUpdateCheck = 1000;
				LastUpgradeCheck = 1000;
				ORGANIZATIONNAME = KiraMelody;
				TargetAttributes = {
					352676912187E3480031A54A = {
						CreatedOnToolsVersion = 10.0;
					};
					352676A52187E34A0031A54A = {
						CreatedOnToolsVersion = 10.0;
						TestTargetID = 352676912187E3480031A54A;
					};
					352676B02187E34A0031A54A = {
						CreatedOnToolsVersion = 10.0;
						TestTargetID = 352676912187E3480031A54A;
					};
				};
			};
			buildConfigurationList = 3526768D2187E3480031A54A /* Build configuration list for PBXProject "Glocal" */;
			compatibilityVersion = "Xcode 9.3";
			developmentRegion = en;
			hasScannedForEncodings = 0;
			knownRegions = (
				en,
				Base,
			);
			mainGroup = 352676892187E3480031A54A;
			productRefGroup = 352676932187E3490031A54A /* Products */;
			projectDirPath = "";
			projectRoot = "";
			targets = (
				352676912187E3480031A54A /* Glocal */,
				352676A52187E34A0031A54A /* GlocalTests */,
				352676B02187E34A0031A54A /* GlocalUITests */,
			);
		};
/* End PBXProject section */

/* Begin PBXResourcesBuildPhase section */
		352676902187E3480031A54A /* Resources */ = {
			isa = PBXResourcesBuildPhase;
			buildActionMask = 2147483647;
			files = (
				352676A02187E34A0031A54A /* LaunchScreen.storyboard in Resources */,
				3526769D2187E34A0031A54A /* Assets.xcassets in Resources */,
				3526769B2187E3490031A54A /* Main.storyboard in Resources */,
			);
			runOnlyForDeploymentPostprocessing = 0;
		};
		352676A42187E34A0031A54A /* Resources */ = {
			isa = PBXResourcesBuildPhase;
			buildActionMask = 2147483647;
			files = (
			);
			runOnlyForDeploymentPostprocessing = 0;
		};
		352676AF2187E34A0031A54A /* Resources */ = {
			isa = PBXResourcesBuildPhase;
			buildActionMask = 2147483647;
			files = (
			);
			runOnlyForDeploymentPostprocessing = 0;
		};
/* End PBXResourcesBuildPhase section */

/* Begin PBXSourcesBuildPhase section */
		3526768E2187E3480031A54A /* Sources */ = {
			isa = PBXSourcesBuildPhase;
			buildActionMask = 2147483647;
			files = (
				352676982187E3490031A54A /* ViewController.swift in Sources */,
				352676962187E3490031A54A /* AppDelegate.swift in Sources */,
			);
			runOnlyForDeploymentPostprocessing = 0;
		};
		352676A22187E34A0031A54A /* Sources */ = {
			isa = PBXSourcesBuildPhase;
			buildActionMask = 2147483647;
			files = (
				352676AB2187E34A0031A54A /* GlocalTests.swift in Sources */,
			);
			runOnlyForDeploymentPostprocessing = 0;
		};
		352676AD2187E34A0031A54A /* Sources */ = {
			isa = PBXSourcesBuildPhase;
			buildActionMask = 2147483647;
			files = (
				352676B62187E34A0031A54A /* GlocalUITests.swift in Sources */,
			);
			runOnlyForDeploymentPostprocessing = 0;
		};
/* End PBXSourcesBuildPhase section */

/* Begin PBXTargetDependency section */
		352676A82187E34A0031A54A /* PBXTargetDependency */ = {
			isa = PBXTargetDependency;
			target = 352676912187E3480031A54A /* Glocal */;
			targetProxy = 352676A72187E34A0031A54A /* PBXContainerItemProxy */;
		};
		352676B32187E34A0031A54A /* PBXTargetDependency */ = {
			isa = PBXTargetDependency;
			target = 352676912187E3480031A54A /* Glocal */;
			targetProxy = 352676B22187E34A0031A54A /* PBXContainerItemProxy */;
		};
/* End PBXTargetDependency section */

/* Begin PBXVariantGroup section */
		352676992187E3490031A54A /* Main.storyboard */ = {
			isa = PBXVariantGroup;
			children = (
				3526769A2187E3490031A54A /* Base */,
			);
			name = Main.storyboard;
			sourceTree = "<group>";
		};
		3526769E2187E34A0031A54A /* LaunchScreen.storyboard */ = {
			isa = PBXVariantGroup;
			children = (
				3526769F2187E34A0031A54A /* Base */,
			);
			name = LaunchScreen.storyboard;
			sourceTree = "<group>";
		};
/* End PBXVariantGroup section */

/* Begin XCBuildConfiguration section */
		352676B82187E34A0031A54A /* Debug */ = {
			isa = XCBuildConfiguration;
			buildSettings = {
				ALWAYS_SEARCH_USER_PATHS = NO;
				CLANG_ANALYZER_NONNULL = YES;
				CLANG_ANALYZER_NUMBER_OBJECT_CONVERSION = YES_AGGRESSIVE;
				CLANG_CXX_LANGUAGE_STANDARD = "gnu++14";
				CLANG_CXX_LIBRARY = "libc++";
				CLANG_ENABLE_MODULES = YES;
				CLANG_ENABLE_OBJC_ARC = YES;
				CLANG_ENABLE_OBJC_WEAK = YES;
				CLANG_WARN_BLOCK_CAPTURE_AUTORELEASING = YES;
				CLANG_WARN_BOOL_CONVERSION = YES;
				CLANG_WARN_COMMA = YES;
				CLANG_WARN_CONSTANT_CONVERSION = YES;
				CLANG_WARN_DEPRECATED_OBJC_IMPLEMENTATIONS = YES;
				CLANG_WARN_DIRECT_OBJC_ISA_USAGE = YES_ERROR;
				CLANG_WARN_DOCUMENTATION_COMMENTS = YES;
				CLANG_WARN_EMPTY_BODY = YES;
				CLANG_WARN_ENUM_CONVERSION = YES;
				CLANG_WARN_INFINITE_RECURSION = YES;
				CLANG_WARN_INT_CONVERSION = YES;
				CLANG_WARN_NON_LITERAL_NULL_CONVERSION = YES;
				CLANG_WARN_OBJC_IMPLICIT_RETAIN_SELF = YES;
				CLANG_WARN_OBJC_LITERAL_CONVERSION = YES;
				CLANG_WARN_OBJC_ROOT_CLASS = YES_ERROR;
				CLANG_WARN_RANGE_LOOP_ANALYSIS = YES;
				CLANG_WARN_STRICT_PROTOTYPES = YES;
				CLANG_WARN_SUSPICIOUS_MOVE = YES;
				CLANG_WARN_UNGUARDED_AVAILABILITY = YES_AGGRESSIVE;
				CLANG_WARN_UNREACHABLE_CODE = YES;
				CLANG_WARN__DUPLICATE_METHOD_MATCH = YES;
				CODE_SIGN_IDENTITY = "iPhone Developer";
				COPY_PHASE_STRIP = NO;
				DEBUG_INFORMATION_FORMAT = dwarf;
				ENABLE_STRICT_OBJC_MSGSEND = YES;
				ENABLE_TESTABILITY = YES;
				GCC_C_LANGUAGE_STANDARD = gnu11;
				GCC_DYNAMIC_NO_PIC = NO;
				GCC_NO_COMMON_BLOCKS = YES;
				GCC_OPTIMIZATION_LEVEL = 0;
				GCC_PREPROCESSOR_DEFINITIONS = (
					"DEBUG=1",
					"$(inherited)",
				);
				GCC_WARN_64_TO_32_BIT_CONVERSION = YES;
				GCC_WARN_ABOUT_RETURN_TYPE = YES_ERROR;
				GCC_WARN_UNDECLARED_SELECTOR = YES;
				GCC_WARN_UNINITIALIZED_AUTOS = YES_AGGRESSIVE;
				GCC_WARN_UNUSED_FUNCTION = YES;
				GCC_WARN_UNUSED_VARIABLE = YES;
				IPHONEOS_DEPLOYMENT_TARGET = 12.0;
				MTL_ENABLE_DEBUG_INFO = INCLUDE_SOURCE;
				MTL_FAST_MATH = YES;
				ONLY_ACTIVE_ARCH = YES;
				SDKROOT = iphoneos;
				SWIFT_ACTIVE_COMPILATION_CONDITIONS = DEBUG;
				SWIFT_OPTIMIZATION_LEVEL = "-Onone";
			};
			name = Debug;
		};
		352676B92187E34A0031A54A /* Release */ = {
			isa = XCBuildConfiguration;
			buildSettings = {
				ALWAYS_SEARCH_USER_PATHS = NO;
				CLANG_ANALYZER_NONNULL = YES;
				CLANG_ANALYZER_NUMBER_OBJECT_CONVERSION = YES_AGGRESSIVE;
				CLANG_CXX_LANGUAGE_STANDARD = "gnu++14";
				CLANG_CXX_LIBRARY = "libc++";
				CLANG_ENABLE_MODULES = YES;
				CLANG_ENABLE_OBJC_ARC = YES;
				CLANG_ENABLE_OBJC_WEAK = YES;
				CLANG_WARN_BLOCK_CAPTURE_AUTORELEASING = YES;
				CLANG_WARN_BOOL_CONVERSION = YES;
				CLANG_WARN_COMMA = YES;
				CLANG_WARN_CONSTANT_CONVERSION = YES;
				CLANG_WARN_DEPRECATED_OBJC_IMPLEMENTATIONS = YES;
				CLANG_WARN_DIRECT_OBJC_ISA_USAGE = YES_ERROR;
				CLANG_WARN_DOCUMENTATION_COMMENTS = YES;
				CLANG_WARN_EMPTY_BODY = YES;
				CLANG_WARN_ENUM_CONVERSION = YES;
				CLANG_WARN_INFINITE_RECURSION = YES;
				CLANG_WARN_INT_CONVERSION = YES;
				CLANG_WARN_NON_LITERAL_NULL_CONVERSION = YES;
				CLANG_WARN_OBJC_IMPLICIT_RETAIN_SELF = YES;
				CLANG_WARN_OBJC_LITERAL_CONVERSION = YES;
				CLANG_WARN_OBJC_ROOT_CLASS = YES_ERROR;
				CLANG_WARN_RANGE_LOOP_ANALYSIS = YES;
				CLANG_WARN_STRICT_PROTOTYPES = YES;
				CLANG_WARN_SUSPICIOUS_MOVE = YES;
				CLANG_WARN_UNGUARDED_AVAILABILITY = YES_AGGRESSIVE;
				CLANG_WARN_UNREACHABLE_CODE = YES;
				CLANG_WARN__DUPLICATE_METHOD_MATCH = YES;
				CODE_SIGN_IDENTITY = "iPhone Developer";
				COPY_PHASE_STRIP = NO;
				DEBUG_INFORMATION_FORMAT = "dwarf-with-dsym";
				ENABLE_NS_ASSERTIONS = NO;
				ENABLE_STRICT_OBJC_MSGSEND = YES;
				GCC_C_LANGUAGE_STANDARD = gnu11;
				GCC_NO_COMMON_BLOCKS = YES;
				GCC_WARN_64_TO_32_BIT_CONVERSION = YES;
				GCC_WARN_ABOUT_RETURN_TYPE = YES_ERROR;
				GCC_WARN_UNDECLARED_SELECTOR = YES;
				GCC_WARN_UNINITIALIZED_AUTOS = YES_AGGRESSIVE;
				GCC_WARN_UNUSED_FUNCTION = YES;
				GCC_WARN_UNUSED_VARIABLE = YES;
				IPHONEOS_DEPLOYMENT_TARGET = 12.0;
				MTL_ENABLE_DEBUG_INFO = NO;
				MTL_FAST_MATH = YES;
				SDKROOT = iphoneos;
				SWIFT_COMPILATION_MODE = wholemodule;
				SWIFT_OPTIMIZATION_LEVEL = "-O";
				VALIDATE_PRODUCT = YES;
			};
			name = Release;
		};
		352676BB2187E34A0031A54A /* Debug */ = {
			isa = XCBuildConfiguration;
			buildSettings = {
				ASSETCATALOG_COMPILER_APPICON_NAME = AppIcon;
				CODE_SIGN_STYLE = Automatic;
				DEVELOPMENT_TEAM = 64VC6J8U2G;
				INFOPLIST_FILE = Glocal/Info.plist;
				LD_RUNPATH_SEARCH_PATHS = (
					"$(inherited)",
					"@executable_path/Frameworks",
				);
				PRODUCT_BUNDLE_IDENTIFIER = KiraMelody.Glocal;
				PRODUCT_NAME = "$(TARGET_NAME)";
				SWIFT_VERSION = 4.2;
				TARGETED_DEVICE_FAMILY = "1,2";
			};
			name = Debug;
		};
		352676BC2187E34A0031A54A /* Release */ = {
			isa = XCBuildConfiguration;
			buildSettings = {
				ASSETCATALOG_COMPILER_APPICON_NAME = AppIcon;
				CODE_SIGN_STYLE = Automatic;
				DEVELOPMENT_TEAM = 64VC6J8U2G;
				INFOPLIST_FILE = Glocal/Info.plist;
				LD_RUNPATH_SEARCH_PATHS = (
					"$(inherited)",
					"@executable_path/Frameworks",
				);
				PRODUCT_BUNDLE_IDENTIFIER = KiraMelody.Glocal;
				PRODUCT_NAME = "$(TARGET_NAME)";
				SWIFT_VERSION = 4.2;
				TARGETED_DEVICE_FAMILY = "1,2";
			};
			name = Release;
		};
		352676BE2187E34A0031A54A /* Debug */ = {
			isa = XCBuildConfiguration;
			buildSettings = {
				ALWAYS_EMBED_SWIFT_STANDARD_LIBRARIES = YES;
				BUNDLE_LOADER = "$(TEST_HOST)";
				CODE_SIGN_STYLE = Automatic;
				DEVELOPMENT_TEAM = 64VC6J8U2G;
				INFOPLIST_FILE = GlocalTests/Info.plist;
				LD_RUNPATH_SEARCH_PATHS = (
					"$(inherited)",
					"@executable_path/Frameworks",
					"@loader_path/Frameworks",
				);
				PRODUCT_BUNDLE_IDENTIFIER = KiraMelody.GlocalTests;
				PRODUCT_NAME = "$(TARGET_NAME)";
				SWIFT_VERSION = 4.2;
				TARGETED_DEVICE_FAMILY = "1,2";
				TEST_HOST = "$(BUILT_PRODUCTS_DIR)/Glocal.app/Glocal";
			};
			name = Debug;
		};
		352676BF2187E34A0031A54A /* Release */ = {
			isa = XCBuildConfiguration;
			buildSettings = {
				ALWAYS_EMBED_SWIFT_STANDARD_LIBRARIES = YES;
				BUNDLE_LOADER = "$(TEST_HOST)";
				CODE_SIGN_STYLE = Automatic;
				DEVELOPMENT_TEAM = 64VC6J8U2G;
				INFOPLIST_FILE = GlocalTests/Info.plist;
				LD_RUNPATH_SEARCH_PATHS = (
					"$(inherited)",
					"@executable_path/Frameworks",
					"@loader_path/Frameworks",
				);
				PRODUCT_BUNDLE_IDENTIFIER = KiraMelody.GlocalTests;
				PRODUCT_NAME = "$(TARGET_NAME)";
				SWIFT_VERSION = 4.2;
				TARGETED_DEVICE_FAMILY = "1,2";
				TEST_HOST = "$(BUILT_PRODUCTS_DIR)/Glocal.app/Glocal";
			};
			name = Release;
		};
		352676C12187E34A0031A54A /* Debug */ = {
			isa = XCBuildConfiguration;
			buildSettings = {
				ALWAYS_EMBED_SWIFT_STANDARD_LIBRARIES = YES;
				CODE_SIGN_STYLE = Automatic;
				DEVELOPMENT_TEAM = 64VC6J8U2G;
				INFOPLIST_FILE = GlocalUITests/Info.plist;
				LD_RUNPATH_SEARCH_PATHS = (
					"$(inherited)",
					"@executable_path/Frameworks",
					"@loader_path/Frameworks",
				);
				PRODUCT_BUNDLE_IDENTIFIER = KiraMelody.GlocalUITests;
				PRODUCT_NAME = "$(TARGET_NAME)";
				SWIFT_VERSION = 4.2;
				TARGETED_DEVICE_FAMILY = "1,2";
				TEST_TARGET_NAME = Glocal;
			};
			name = Debug;
		};
		352676C22187E34A0031A54A /* Release */ = {
			isa = XCBuildConfiguration;
			buildSettings = {
				ALWAYS_EMBED_SWIFT_STANDARD_LIBRARIES = YES;
				CODE_SIGN_STYLE = Automatic;
				DEVELOPMENT_TEAM = 64VC6J8U2G;
				INFOPLIST_FILE = GlocalUITests/Info.plist;
				LD_RUNPATH_SEARCH_PATHS = (
					"$(inherited)",
					"@executable_path/Frameworks",
					"@loader_path/Frameworks",
				);
				PRODUCT_BUNDLE_IDENTIFIER = KiraMelody.GlocalUITests;
				PRODUCT_NAME = "$(TARGET_NAME)";
				SWIFT_VERSION = 4.2;
				TARGETED_DEVICE_FAMILY = "1,2";
				TEST_TARGET_NAME = Glocal;
			};
			name = Release;
		};
/* End XCBuildConfiguration section */

/* Begin XCConfigurationList section */
		3526768D2187E3480031A54A /* Build configuration list for PBXProject "Glocal" */ = {
			isa = XCConfigurationList;
			buildConfigurations = (
				352676B82187E34A0031A54A /* Debug */,
				352676B92187E34A0031A54A /* Release */,
			);
			defaultConfigurationIsVisible = 0;
			defaultConfigurationName = Release;
		};
		352676BA2187E34A0031A54A /* Build configuration list for PBXNativeTarget "Glocal" */ = {
			isa = XCConfigurationList;
			buildConfigurations = (
				352676BB2187E34A0031A54A /* Debug */,
				352676BC2187E34A0031A54A /* Release */,
			);
			defaultConfigurationIsVisible = 0;
			defaultConfigurationName = Release;
		};
		352676BD2187E34A0031A54A /* Build configuration list for PBXNativeTarget "GlocalTests" */ = {
			isa = XCConfigurationList;
			buildConfigurations = (
				352676BE2187E34A0031A54A /* Debug */,
				352676BF2187E34A0031A54A /* Release */,
			);
			defaultConfigurationIsVisible = 0;
			defaultConfigurationName = Release;
		};
		352676C02187E34A0031A54A /* Build configuration list for PBXNativeTarget "GlocalUITests" */ = {
			isa = XCConfigurationList;
			buildConfigurations = (
				352676C12187E34A0031A54A /* Debug */,
				352676C22187E34A0031A54A /* Release */,
			);
			defaultConfigurationIsVisible = 0;
			defaultConfigurationName = Release;
		};
/* End XCConfigurationList section */
	};
	rootObject = 3526768A2187E3480031A54A /* Project object */;
}
