// !$*UTF8*$!
{
	archiveVersion = 1;
	classes = {
	};
	objectVersion = 50;
	objects = {

/* Begin PBXBuildFile section */
		352676962187E3490031A54A /* AppDelegate.swift in Sources */ = {isa = PBXBuildFile; fileRef = 352676952187E3490031A54A /* AppDelegate.swift */; };
		3526769D2187E34A0031A54A /* Assets.xcassets in Resources */ = {isa = PBXBuildFile; fileRef = 3526769C2187E34A0031A54A /* Assets.xcassets */; };
		352676C42187E5E30031A54A /* LaunchScreen.storyboard in Resources */ = {isa = PBXBuildFile; fileRef = 352676C32187E5E20031A54A /* LaunchScreen.storyboard */; };
		352676CE2187E7480031A54A /* ProfileViewController.swift in Sources */ = {isa = PBXBuildFile; fileRef = 352676C62187E7480031A54A /* ProfileViewController.swift */; };
		352676CF2187E7480031A54A /* Global.swift in Sources */ = {isa = PBXBuildFile; fileRef = 352676C72187E7480031A54A /* Global.swift */; };
		352676D02187E7480031A54A /* LoginViewController.swift in Sources */ = {isa = PBXBuildFile; fileRef = 352676C82187E7480031A54A /* LoginViewController.swift */; };
		352676D22187E7480031A54A /* ScrollImageViewController.swift in Sources */ = {isa = PBXBuildFile; fileRef = 352676CA2187E7480031A54A /* ScrollImageViewController.swift */; };
		352676D32187E7480031A54A /* Account.swift in Sources */ = {isa = PBXBuildFile; fileRef = 352676CB2187E7480031A54A /* Account.swift */; };
		352676D42187E7480031A54A /* RegisterViewController.swift in Sources */ = {isa = PBXBuildFile; fileRef = 352676CC2187E7480031A54A /* RegisterViewController.swift */; };
		352676D62187F7C40031A54A /* ColorandFontTable.swift in Sources */ = {isa = PBXBuildFile; fileRef = 352676D52187F7C40031A54A /* ColorandFontTable.swift */; };
		35812C4A219CD776001AC437 /* InfoTableViewController.swift in Sources */ = {isa = PBXBuildFile; fileRef = 35812C49219CD776001AC437 /* InfoTableViewController.swift */; };
		35812C4C219CD7B0001AC437 /* InfoTableViewCell.swift in Sources */ = {isa = PBXBuildFile; fileRef = 35812C4B219CD7B0001AC437 /* InfoTableViewCell.swift */; };
		35812C4E219CE697001AC437 /* MessageTableViewCell.swift in Sources */ = {isa = PBXBuildFile; fileRef = 35812C4D219CE697001AC437 /* MessageTableViewCell.swift */; };
		35812C50219CE6BC001AC437 /* MessageTableViewController.swift in Sources */ = {isa = PBXBuildFile; fileRef = 35812C4F219CE6BC001AC437 /* MessageTableViewController.swift */; };
		35812C52219CF056001AC437 /* ConnectViewController.swift in Sources */ = {isa = PBXBuildFile; fileRef = 35812C51219CF056001AC437 /* ConnectViewController.swift */; };
		35812C54219D13B9001AC437 /* MenuTableViewController.swift in Sources */ = {isa = PBXBuildFile; fileRef = 35812C53219D13B9001AC437 /* MenuTableViewController.swift */; };
		35812C56219D13CB001AC437 /* MenuTableViewCell.swift in Sources */ = {isa = PBXBuildFile; fileRef = 35812C55219D13CB001AC437 /* MenuTableViewCell.swift */; };
		35812C58219D2E5F001AC437 /* ChatViewController.swift in Sources */ = {isa = PBXBuildFile; fileRef = 35812C57219D2E5F001AC437 /* ChatViewController.swift */; };
		35812C5A219D4026001AC437 /* EntryViewController.swift in Sources */ = {isa = PBXBuildFile; fileRef = 35812C59219D4026001AC437 /* EntryViewController.swift */; };
		35812C5C219E0604001AC437 /* SearchViewController.swift in Sources */ = {isa = PBXBuildFile; fileRef = 35812C5B219E0604001AC437 /* SearchViewController.swift */; };
		35812C5E219E9336001AC437 /* Post.swift in Sources */ = {isa = PBXBuildFile; fileRef = 35812C5D219E9336001AC437 /* Post.swift */; };
		35812C60219E9693001AC437 /* ResultTableViewController.swift in Sources */ = {isa = PBXBuildFile; fileRef = 35812C5F219E9693001AC437 /* ResultTableViewController.swift */; };
		35812C62219E96A7001AC437 /* ResultTableViewCell.swift in Sources */ = {isa = PBXBuildFile; fileRef = 35812C61219E96A7001AC437 /* ResultTableViewCell.swift */; };
		35812C64219E9700001AC437 /* Influencer.swift in Sources */ = {isa = PBXBuildFile; fileRef = 35812C63219E9700001AC437 /* Influencer.swift */; };
		358877C1219152AE0074766A /* PostTableViewController.swift in Sources */ = {isa = PBXBuildFile; fileRef = 358877C0219152AE0074766A /* PostTableViewController.swift */; };
		358877C3219152C60074766A /* PostTableViewCell.swift in Sources */ = {isa = PBXBuildFile; fileRef = 358877C2219152C60074766A /* PostTableViewCell.swift */; };
		358877C521922E360074766A /* PagingMenuViewController.swift in Sources */ = {isa = PBXBuildFile; fileRef = 358877C421922E360074766A /* PagingMenuViewController.swift */; };
		85F42DC66B69E0EA63C5D72B /* Pods_Glocal.framework in Frameworks */ = {isa = PBXBuildFile; fileRef = BE946E268F16FA53C4E43868 /* Pods_Glocal.framework */; };
		EF15A5BB528EF946C3597F0A /* Pods_GlocalUITests.framework in Frameworks */ = {isa = PBXBuildFile; fileRef = AB133F0C1E466383D3D6C8C0 /* Pods_GlocalUITests.framework */; };
		FEB19815F28EB39B5FF260C1 /* Pods_GlocalTests.framework in Frameworks */ = {isa = PBXBuildFile; fileRef = 39C429E685788BF6A605BA9D /* Pods_GlocalTests.framework */; };
/* End PBXBuildFile section */

/* Begin PBXContainerItemProxy section */
		352676A72187E34A0031A54A /* PBXContainerItemProxy */ = {
			isa = PBXContainerItemProxy;
			containerPortal = 3526768A2187E3480031A54A /* Project object */;
			proxyType = 1;
			remoteGlobalIDString = 352676912187E3480031A54A;
			remoteInfo = Glocal;
		};
		352676B22187E34A0031A54A /* PBXContainerItemProxy */ = {
			isa = PBXContainerItemProxy;
			containerPortal = 3526768A2187E3480031A54A /* Project object */;
			proxyType = 1;
			remoteGlobalIDString = 352676912187E3480031A54A;
			remoteInfo = Glocal;
		};
/* End PBXContainerItemProxy section */

/* Begin PBXFileReference section */
		15B9EE875A89B2559B86A235 /* Pods-GlocalTests.debug.xcconfig */ = {isa = PBXFileReference; includeInIndex = 1; lastKnownFileType = text.xcconfig; name = "Pods-GlocalTests.debug.xcconfig"; path = "Target Support Files/Pods-GlocalTests/Pods-GlocalTests.debug.xcconfig"; sourceTree = "<group>"; };
		352676922187E3490031A54A /* Glocal.app */ = {isa = PBXFileReference; explicitFileType = wrapper.application; includeInIndex = 0; path = Glocal.app; sourceTree = BUILT_PRODUCTS_DIR; };
		352676952187E3490031A54A /* AppDelegate.swift */ = {isa = PBXFileReference; lastKnownFileType = sourcecode.swift; path = AppDelegate.swift; sourceTree = "<group>"; };
		3526769C2187E34A0031A54A /* Assets.xcassets */ = {isa = PBXFileReference; lastKnownFileType = folder.assetcatalog; path = Assets.xcassets; sourceTree = "<group>"; };
		352676A12187E34A0031A54A /* Info.plist */ = {isa = PBXFileReference; lastKnownFileType = text.plist.xml; path = Info.plist; sourceTree = "<group>"; };
		352676A62187E34A0031A54A /* GlocalTests.xctest */ = {isa = PBXFileReference; explicitFileType = wrapper.cfbundle; includeInIndex = 0; path = GlocalTests.xctest; sourceTree = BUILT_PRODUCTS_DIR; };
		352676B12187E34A0031A54A /* GlocalUITests.xctest */ = {isa = PBXFileReference; explicitFileType = wrapper.cfbundle; includeInIndex = 0; path = GlocalUITests.xctest; sourceTree = BUILT_PRODUCTS_DIR; };
		352676C32187E5E20031A54A /* LaunchScreen.storyboard */ = {isa = PBXFileReference; fileEncoding = 4; lastKnownFileType = file.storyboard; path = LaunchScreen.storyboard; sourceTree = "<group>"; };
		352676C62187E7480031A54A /* ProfileViewController.swift */ = {isa = PBXFileReference; fileEncoding = 4; lastKnownFileType = sourcecode.swift; path = ProfileViewController.swift; sourceTree = "<group>"; };
		352676C72187E7480031A54A /* Global.swift */ = {isa = PBXFileReference; fileEncoding = 4; lastKnownFileType = sourcecode.swift; path = Global.swift; sourceTree = "<group>"; };
		352676C82187E7480031A54A /* LoginViewController.swift */ = {isa = PBXFileReference; fileEncoding = 4; lastKnownFileType = sourcecode.swift; path = LoginViewController.swift; sourceTree = "<group>"; };
		352676CA2187E7480031A54A /* ScrollImageViewController.swift */ = {isa = PBXFileReference; fileEncoding = 4; lastKnownFileType = sourcecode.swift; path = ScrollImageViewController.swift; sourceTree = "<group>"; };
		352676CB2187E7480031A54A /* Account.swift */ = {isa = PBXFileReference; fileEncoding = 4; lastKnownFileType = sourcecode.swift; path = Account.swift; sourceTree = "<group>"; };
		352676CC2187E7480031A54A /* RegisterViewController.swift */ = {isa = PBXFileReference; fileEncoding = 4; lastKnownFileType = sourcecode.swift; path = RegisterViewController.swift; sourceTree = "<group>"; };
		352676D52187F7C40031A54A /* ColorandFontTable.swift */ = {isa = PBXFileReference; fileEncoding = 4; lastKnownFileType = sourcecode.swift; path = ColorandFontTable.swift; sourceTree = "<group>"; };
		35812C49219CD776001AC437 /* InfoTableViewController.swift */ = {isa = PBXFileReference; lastKnownFileType = sourcecode.swift; path = InfoTableViewController.swift; sourceTree = "<group>"; };
		35812C4B219CD7B0001AC437 /* InfoTableViewCell.swift */ = {isa = PBXFileReference; lastKnownFileType = sourcecode.swift; path = InfoTableViewCell.swift; sourceTree = "<group>"; };
		35812C4D219CE697001AC437 /* MessageTableViewCell.swift */ = {isa = PBXFileReference; lastKnownFileType = sourcecode.swift; path = MessageTableViewCell.swift; sourceTree = "<group>"; };
		35812C4F219CE6BC001AC437 /* MessageTableViewController.swift */ = {isa = PBXFileReference; lastKnownFileType = sourcecode.swift; path = MessageTableViewController.swift; sourceTree = "<group>"; };
		35812C51219CF056001AC437 /* ConnectViewController.swift */ = {isa = PBXFileReference; lastKnownFileType = sourcecode.swift; path = ConnectViewController.swift; sourceTree = "<group>"; };
		35812C53219D13B9001AC437 /* MenuTableViewController.swift */ = {isa = PBXFileReference; lastKnownFileType = sourcecode.swift; path = MenuTableViewController.swift; sourceTree = "<group>"; };
		35812C55219D13CB001AC437 /* MenuTableViewCell.swift */ = {isa = PBXFileReference; lastKnownFileType = sourcecode.swift; path = MenuTableViewCell.swift; sourceTree = "<group>"; };
		35812C57219D2E5F001AC437 /* ChatViewController.swift */ = {isa = PBXFileReference; lastKnownFileType = sourcecode.swift; path = ChatViewController.swift; sourceTree = "<group>"; };
		35812C59219D4026001AC437 /* EntryViewController.swift */ = {isa = PBXFileReference; lastKnownFileType = sourcecode.swift; path = EntryViewController.swift; sourceTree = "<group>"; };
		35812C5B219E0604001AC437 /* SearchViewController.swift */ = {isa = PBXFileReference; lastKnownFileType = sourcecode.swift; path = SearchViewController.swift; sourceTree = "<group>"; };
		35812C5D219E9336001AC437 /* Post.swift */ = {isa = PBXFileReference; lastKnownFileType = sourcecode.swift; path = Post.swift; sourceTree = "<group>"; };
		35812C5F219E9693001AC437 /* ResultTableViewController.swift */ = {isa = PBXFileReference; lastKnownFileType = sourcecode.swift; path = ResultTableViewController.swift; sourceTree = "<group>"; };
		35812C61219E96A7001AC437 /* ResultTableViewCell.swift */ = {isa = PBXFileReference; lastKnownFileType = sourcecode.swift; path = ResultTableViewCell.swift; sourceTree = "<group>"; };
		35812C63219E9700001AC437 /* Influencer.swift */ = {isa = PBXFileReference; lastKnownFileType = sourcecode.swift; path = Influencer.swift; sourceTree = "<group>"; };
		358877C0219152AE0074766A /* PostTableViewController.swift */ = {isa = PBXFileReference; lastKnownFileType = sourcecode.swift; path = PostTableViewController.swift; sourceTree = "<group>"; };
		358877C2219152C60074766A /* PostTableViewCell.swift */ = {isa = PBXFileReference; lastKnownFileType = sourcecode.swift; path = PostTableViewCell.swift; sourceTree = "<group>"; };
		358877C421922E360074766A /* PagingMenuViewController.swift */ = {isa = PBXFileReference; lastKnownFileType = sourcecode.swift; path = PagingMenuViewController.swift; sourceTree = "<group>"; };
		39C429E685788BF6A605BA9D /* Pods_GlocalTests.framework */ = {isa = PBXFileReference; explicitFileType = wrapper.framework; includeInIndex = 0; path = Pods_GlocalTests.framework; sourceTree = BUILT_PRODUCTS_DIR; };
		47B39C9B13B856E6B93648BE /* Pods-Glocal.debug.xcconfig */ = {isa = PBXFileReference; includeInIndex = 1; lastKnownFileType = text.xcconfig; name = "Pods-Glocal.debug.xcconfig"; path = "Target Support Files/Pods-Glocal/Pods-Glocal.debug.xcconfig"; sourceTree = "<group>"; };
		66D2D99DB08DD7B1C8C28A26 /* Pods-GlocalUITests.debug.xcconfig */ = {isa = PBXFileReference; includeInIndex = 1; lastKnownFileType = text.xcconfig; name = "Pods-GlocalUITests.debug.xcconfig"; path = "Target Support Files/Pods-GlocalUITests/Pods-GlocalUITests.debug.xcconfig"; sourceTree = "<group>"; };
		AB133F0C1E466383D3D6C8C0 /* Pods_GlocalUITests.framework */ = {isa = PBXFileReference; explicitFileType = wrapper.framework; includeInIndex = 0; path = Pods_GlocalUITests.framework; sourceTree = BUILT_PRODUCTS_DIR; };
		BE946E268F16FA53C4E43868 /* Pods_Glocal.framework */ = {isa = PBXFileReference; explicitFileType = wrapper.framework; includeInIndex = 0; path = Pods_Glocal.framework; sourceTree = BUILT_PRODUCTS_DIR; };
		C714B7783C86276F3F3B4753 /* Pods-GlocalUITests.release.xcconfig */ = {isa = PBXFileReference; includeInIndex = 1; lastKnownFileType = text.xcconfig; name = "Pods-GlocalUITests.release.xcconfig"; path = "Target Support Files/Pods-GlocalUITests/Pods-GlocalUITests.release.xcconfig"; sourceTree = "<group>"; };
		C72921FC11C80C22C5ACF5B0 /* Pods-GlocalTests.release.xcconfig */ = {isa = PBXFileReference; includeInIndex = 1; lastKnownFileType = text.xcconfig; name = "Pods-GlocalTests.release.xcconfig"; path = "Target Support Files/Pods-GlocalTests/Pods-GlocalTests.release.xcconfig"; sourceTree = "<group>"; };
		F6ACBA5BE4CEF14EC623B2D5 /* Pods-Glocal.release.xcconfig */ = {isa = PBXFileReference; includeInIndex = 1; lastKnownFileType = text.xcconfig; name = "Pods-Glocal.release.xcconfig"; path = "Target Support Files/Pods-Glocal/Pods-Glocal.release.xcconfig"; sourceTree = "<group>"; };
/* End PBXFileReference section */

/* Begin PBXFrameworksBuildPhase section */
		3526768F2187E3480031A54A /* Frameworks */ = {
			isa = PBXFrameworksBuildPhase;
			buildActionMask = 2147483647;
			files = (
				85F42DC66B69E0EA63C5D72B /* Pods_Glocal.framework in Frameworks */,
			);
			runOnlyForDeploymentPostprocessing = 0;
		};
		352676A32187E34A0031A54A /* Frameworks */ = {
			isa = PBXFrameworksBuildPhase;
			buildActionMask = 2147483647;
			files = (
				FEB19815F28EB39B5FF260C1 /* Pods_GlocalTests.framework in Frameworks */,
			);
			runOnlyForDeploymentPostprocessing = 0;
		};
		352676AE2187E34A0031A54A /* Frameworks */ = {
			isa = PBXFrameworksBuildPhase;
			buildActionMask = 2147483647;
			files = (
				EF15A5BB528EF946C3597F0A /* Pods_GlocalUITests.framework in Frameworks */,
			);
			runOnlyForDeploymentPostprocessing = 0;
		};
/* End PBXFrameworksBuildPhase section */

/* Begin PBXGroup section */
		352676892187E3480031A54A = {
			isa = PBXGroup;
			children = (
				352676942187E3490031A54A /* Glocal */,
				352676932187E3490031A54A /* Products */,
				7BF715F817C9DBB2DC14F289 /* Pods */,
				87ED299B6946CD10C58EB51A /* Frameworks */,
			);
			sourceTree = "<group>";
		};
		352676932187E3490031A54A /* Products */ = {
			isa = PBXGroup;
			children = (
				352676922187E3490031A54A /* Glocal.app */,
				352676A62187E34A0031A54A /* GlocalTests.xctest */,
				352676B12187E34A0031A54A /* GlocalUITests.xctest */,
			);
			name = Products;
			sourceTree = "<group>";
		};
		352676942187E3490031A54A /* Glocal */ = {
			isa = PBXGroup;
			children = (
				352676CB2187E7480031A54A /* Account.swift */,
				35812C63219E9700001AC437 /* Influencer.swift */,
				352676952187E3490031A54A /* AppDelegate.swift */,
				3526769C2187E34A0031A54A /* Assets.xcassets */,
				35812C57219D2E5F001AC437 /* ChatViewController.swift */,
				352676D52187F7C40031A54A /* ColorandFontTable.swift */,
				35812C51219CF056001AC437 /* ConnectViewController.swift */,
				35812C59219D4026001AC437 /* EntryViewController.swift */,
				352676C72187E7480031A54A /* Global.swift */,
				352676A12187E34A0031A54A /* Info.plist */,
				35812C4B219CD7B0001AC437 /* InfoTableViewCell.swift */,
				35812C49219CD776001AC437 /* InfoTableViewController.swift */,
				352676C32187E5E20031A54A /* LaunchScreen.storyboard */,
				352676C82187E7480031A54A /* LoginViewController.swift */,
				35812C55219D13CB001AC437 /* MenuTableViewCell.swift */,
				35812C53219D13B9001AC437 /* MenuTableViewController.swift */,
				35812C4D219CE697001AC437 /* MessageTableViewCell.swift */,
				35812C4F219CE6BC001AC437 /* MessageTableViewController.swift */,
				358877C421922E360074766A /* PagingMenuViewController.swift */,
				35812C5D219E9336001AC437 /* Post.swift */,
				358877C2219152C60074766A /* PostTableViewCell.swift */,
				358877C0219152AE0074766A /* PostTableViewController.swift */,
				352676C62187E7480031A54A /* ProfileViewController.swift */,
				352676CC2187E7480031A54A /* RegisterViewController.swift */,
				35812C61219E96A7001AC437 /* ResultTableViewCell.swift */,
				35812C5F219E9693001AC437 /* ResultTableViewController.swift */,
				352676CA2187E7480031A54A /* ScrollImageViewController.swift */,
				35812C5B219E0604001AC437 /* SearchViewController.swift */,
			);
			path = Glocal;
			sourceTree = "<group>";
		};
		7BF715F817C9DBB2DC14F289 /* Pods */ = {
			isa = PBXGroup;
			children = (
				47B39C9B13B856E6B93648BE /* Pods-Glocal.debug.xcconfig */,
				F6ACBA5BE4CEF14EC623B2D5 /* Pods-Glocal.release.xcconfig */,
				15B9EE875A89B2559B86A235 /* Pods-GlocalTests.debug.xcconfig */,
				C72921FC11C80C22C5ACF5B0 /* Pods-GlocalTests.release.xcconfig */,
				66D2D99DB08DD7B1C8C28A26 /* Pods-GlocalUITests.debug.xcconfig */,
				C714B7783C86276F3F3B4753 /* Pods-GlocalUITests.release.xcconfig */,
			);
			path = Pods;
			sourceTree = "<group>";
		};
		87ED299B6946CD10C58EB51A /* Frameworks */ = {
			isa = PBXGroup;
			children = (
				BE946E268F16FA53C4E43868 /* Pods_Glocal.framework */,
				39C429E685788BF6A605BA9D /* Pods_GlocalTests.framework */,
				AB133F0C1E466383D3D6C8C0 /* Pods_GlocalUITests.framework */,
			);
			name = Frameworks;
			sourceTree = "<group>";
		};
/* End PBXGroup section */

/* Begin PBXNativeTarget section */
		352676912187E3480031A54A /* Glocal */ = {
			isa = PBXNativeTarget;
			buildConfigurationList = 352676BA2187E34A0031A54A /* Build configuration list for PBXNativeTarget "Glocal" */;
			buildPhases = (
				702CEC1D57E09A67ABA7D9FB /* [CP] Check Pods Manifest.lock */,
				3526768E2187E3480031A54A /* Sources */,
				3526768F2187E3480031A54A /* Frameworks */,
				352676902187E3480031A54A /* Resources */,
				DE07BAFF284C964F1E6B68D9 /* [CP] Embed Pods Frameworks */,
			);
			buildRules = (
			);
			dependencies = (
			);
			name = Glocal;
			productName = Glocal;
			productReference = 352676922187E3490031A54A /* Glocal.app */;
			productType = "com.apple.product-type.application";
		};
		352676A52187E34A0031A54A /* GlocalTests */ = {
			isa = PBXNativeTarget;
			buildConfigurationList = 352676BD2187E34A0031A54A /* Build configuration list for PBXNativeTarget "GlocalTests" */;
			buildPhases = (
				1641F9ADF6D0C2503AF78754 /* [CP] Check Pods Manifest.lock */,
				352676A22187E34A0031A54A /* Sources */,
				352676A32187E34A0031A54A /* Frameworks */,
				352676A42187E34A0031A54A /* Resources */,
			);
			buildRules = (
			);
			dependencies = (
				352676A82187E34A0031A54A /* PBXTargetDependency */,
			);
			name = GlocalTests;
			productName = GlocalTests;
			productReference = 352676A62187E34A0031A54A /* GlocalTests.xctest */;
			productType = "com.apple.product-type.bundle.unit-test";
		};
		352676B02187E34A0031A54A /* GlocalUITests */ = {
			isa = PBXNativeTarget;
			buildConfigurationList = 352676C02187E34A0031A54A /* Build configuration list for PBXNativeTarget "GlocalUITests" */;
			buildPhases = (
				475B7CDE9E20010669F106BE /* [CP] Check Pods Manifest.lock */,
				352676AD2187E34A0031A54A /* Sources */,
				352676AE2187E34A0031A54A /* Frameworks */,
				352676AF2187E34A0031A54A /* Resources */,
			);
			buildRules = (
			);
			dependencies = (
				352676B32187E34A0031A54A /* PBXTargetDependency */,
			);
			name = GlocalUITests;
			productName = GlocalUITests;
			productReference = 352676B12187E34A0031A54A /* GlocalUITests.xctest */;
			productType = "com.apple.product-type.bundle.ui-testing";
		};
/* End PBXNativeTarget section */

/* Begin PBXProject section */
		3526768A2187E3480031A54A /* Project object */ = {
			isa = PBXProject;
			attributes = {
				LastSwiftUpdateCheck = 1000;
				LastUpgradeCheck = 1000;
				ORGANIZATIONNAME = KiraMelody;
				TargetAttributes = {
					352676912187E3480031A54A = {
						CreatedOnToolsVersion = 10.0;
					};
					352676A52187E34A0031A54A = {
						CreatedOnToolsVersion = 10.0;
						TestTargetID = 352676912187E3480031A54A;
					};
					352676B02187E34A0031A54A = {
						CreatedOnToolsVersion = 10.0;
						TestTargetID = 352676912187E3480031A54A;
					};
				};
			};
			buildConfigurationList = 3526768D2187E3480031A54A /* Build configuration list for PBXProject "Glocal" */;
			compatibilityVersion = "Xcode 9.3";
			developmentRegion = en;
			hasScannedForEncodings = 0;
			knownRegions = (
				en,
				Base,
			);
			mainGroup = 352676892187E3480031A54A;
			productRefGroup = 352676932187E3490031A54A /* Products */;
			projectDirPath = "";
			projectRoot = "";
			targets = (
				352676912187E3480031A54A /* Glocal */,
				352676A52187E34A0031A54A /* GlocalTests */,
				352676B02187E34A0031A54A /* GlocalUITests */,
			);
		};
/* End PBXProject section */

/* Begin PBXResourcesBuildPhase section */
		352676902187E3480031A54A /* Resources */ = {
			isa = PBXResourcesBuildPhase;
			buildActionMask = 2147483647;
			files = (
				3526769D2187E34A0031A54A /* Assets.xcassets in Resources */,
				352676C42187E5E30031A54A /* LaunchScreen.storyboard in Resources */,
			);
			runOnlyForDeploymentPostprocessing = 0;
		};
		352676A42187E34A0031A54A /* Resources */ = {
			isa = PBXResourcesBuildPhase;
			buildActionMask = 2147483647;
			files = (
			);
			runOnlyForDeploymentPostprocessing = 0;
		};
		352676AF2187E34A0031A54A /* Resources */ = {
			isa = PBXResourcesBuildPhase;
			buildActionMask = 2147483647;
			files = (
			);
			runOnlyForDeploymentPostprocessing = 0;
		};
/* End PBXResourcesBuildPhase section */

/* Begin PBXShellScriptBuildPhase section */
		1641F9ADF6D0C2503AF78754 /* [CP] Check Pods Manifest.lock */ = {
			isa = PBXShellScriptBuildPhase;
			buildActionMask = 2147483647;
			files = (
			);
			inputFileListPaths = (
			);
			inputPaths = (
				"${PODS_PODFILE_DIR_PATH}/Podfile.lock",
				"${PODS_ROOT}/Manifest.lock",
			);
			name = "[CP] Check Pods Manifest.lock";
			outputFileListPaths = (
			);
			outputPaths = (
				"$(DERIVED_FILE_DIR)/Pods-GlocalTests-checkManifestLockResult.txt",
			);
			runOnlyForDeploymentPostprocessing = 0;
			shellPath = /bin/sh;
			shellScript = "diff \"${PODS_PODFILE_DIR_PATH}/Podfile.lock\" \"${PODS_ROOT}/Manifest.lock\" > /dev/null\nif [ $? != 0 ] ; then\n    # print error to STDERR\n    echo \"error: The sandbox is not in sync with the Podfile.lock. Run 'pod install' or update your CocoaPods installation.\" >&2\n    exit 1\nfi\n# This output is used by Xcode 'outputs' to avoid re-running this script phase.\necho \"SUCCESS\" > \"${SCRIPT_OUTPUT_FILE_0}\"\n";
			showEnvVarsInLog = 0;
		};
		475B7CDE9E20010669F106BE /* [CP] Check Pods Manifest.lock */ = {
			isa = PBXShellScriptBuildPhase;
			buildActionMask = 2147483647;
			files = (
			);
			inputFileListPaths = (
			);
			inputPaths = (
				"${PODS_PODFILE_DIR_PATH}/Podfile.lock",
				"${PODS_ROOT}/Manifest.lock",
			);
			name = "[CP] Check Pods Manifest.lock";
			outputFileListPaths = (
			);
			outputPaths = (
				"$(DERIVED_FILE_DIR)/Pods-GlocalUITests-checkManifestLockResult.txt",
			);
			runOnlyForDeploymentPostprocessing = 0;
			shellPath = /bin/sh;
			shellScript = "diff \"${PODS_PODFILE_DIR_PATH}/Podfile.lock\" \"${PODS_ROOT}/Manifest.lock\" > /dev/null\nif [ $? != 0 ] ; then\n    # print error to STDERR\n    echo \"error: The sandbox is not in sync with the Podfile.lock. Run 'pod install' or update your CocoaPods installation.\" >&2\n    exit 1\nfi\n# This output is used by Xcode 'outputs' to avoid re-running this script phase.\necho \"SUCCESS\" > \"${SCRIPT_OUTPUT_FILE_0}\"\n";
			showEnvVarsInLog = 0;
		};
		702CEC1D57E09A67ABA7D9FB /* [CP] Check Pods Manifest.lock */ = {
			isa = PBXShellScriptBuildPhase;
			buildActionMask = 2147483647;
			files = (
			);
			inputFileListPaths = (
			);
			inputPaths = (
				"${PODS_PODFILE_DIR_PATH}/Podfile.lock",
				"${PODS_ROOT}/Manifest.lock",
			);
			name = "[CP] Check Pods Manifest.lock";
			outputFileListPaths = (
			);
			outputPaths = (
				"$(DERIVED_FILE_DIR)/Pods-Glocal-checkManifestLockResult.txt",
			);
			runOnlyForDeploymentPostprocessing = 0;
			shellPath = /bin/sh;
			shellScript = "diff \"${PODS_PODFILE_DIR_PATH}/Podfile.lock\" \"${PODS_ROOT}/Manifest.lock\" > /dev/null\nif [ $? != 0 ] ; then\n    # print error to STDERR\n    echo \"error: The sandbox is not in sync with the Podfile.lock. Run 'pod install' or update your CocoaPods installation.\" >&2\n    exit 1\nfi\n# This output is used by Xcode 'outputs' to avoid re-running this script phase.\necho \"SUCCESS\" > \"${SCRIPT_OUTPUT_FILE_0}\"\n";
			showEnvVarsInLog = 0;
		};
		DE07BAFF284C964F1E6B68D9 /* [CP] Embed Pods Frameworks */ = {
			isa = PBXShellScriptBuildPhase;
			buildActionMask = 2147483647;
			files = (
			);
			inputFileListPaths = (
			);
			inputPaths = (
				"${PODS_ROOT}/Target Support Files/Pods-Glocal/Pods-Glocal-frameworks.sh",
				"${BUILT_PRODUCTS_DIR}/Alamofire/Alamofire.framework",
				"${BUILT_PRODUCTS_DIR}/FAPanels/FAPanels.framework",
				"${BUILT_PRODUCTS_DIR}/GrowingTextView/GrowingTextView.framework",
				"${BUILT_PRODUCTS_DIR}/KMPlaceholderTextView/KMPlaceholderTextView.framework",
				"${BUILT_PRODUCTS_DIR}/MGDrawingSlate/MGDrawingSlate.framework",
				"${BUILT_PRODUCTS_DIR}/MGSwipeTableCell/MGSwipeTableCell.framework",
				"${BUILT_PRODUCTS_DIR}/NGOSegmentControl/NGOSegmentControl.framework",
				"${BUILT_PRODUCTS_DIR}/PKHUD/PKHUD.framework",
				"${BUILT_PRODUCTS_DIR}/PageMenu/PageMenu.framework",
				"${BUILT_PRODUCTS_DIR}/SDWebImage/SDWebImage.framework",
				"${BUILT_PRODUCTS_DIR}/SnapKit/SnapKit.framework",
				"${BUILT_PRODUCTS_DIR}/TextFieldEffects/TextFieldEffects.framework",
			);
			name = "[CP] Embed Pods Frameworks";
			outputFileListPaths = (
			);
			outputPaths = (
				"${TARGET_BUILD_DIR}/${FRAMEWORKS_FOLDER_PATH}/Alamofire.framework",
				"${TARGET_BUILD_DIR}/${FRAMEWORKS_FOLDER_PATH}/FAPanels.framework",
				"${TARGET_BUILD_DIR}/${FRAMEWORKS_FOLDER_PATH}/GrowingTextView.framework",
				"${TARGET_BUILD_DIR}/${FRAMEWORKS_FOLDER_PATH}/KMPlaceholderTextView.framework",
				"${TARGET_BUILD_DIR}/${FRAMEWORKS_FOLDER_PATH}/MGDrawingSlate.framework",
				"${TARGET_BUILD_DIR}/${FRAMEWORKS_FOLDER_PATH}/MGSwipeTableCell.framework",
				"${TARGET_BUILD_DIR}/${FRAMEWORKS_FOLDER_PATH}/NGOSegmentControl.framework",
				"${TARGET_BUILD_DIR}/${FRAMEWORKS_FOLDER_PATH}/PKHUD.framework",
				"${TARGET_BUILD_DIR}/${FRAMEWORKS_FOLDER_PATH}/PageMenu.framework",
				"${TARGET_BUILD_DIR}/${FRAMEWORKS_FOLDER_PATH}/SDWebImage.framework",
				"${TARGET_BUILD_DIR}/${FRAMEWORKS_FOLDER_PATH}/SnapKit.framework",
				"${TARGET_BUILD_DIR}/${FRAMEWORKS_FOLDER_PATH}/TextFieldEffects.framework",
			);
			runOnlyForDeploymentPostprocessing = 0;
			shellPath = /bin/sh;
			shellScript = "\"${PODS_ROOT}/Target Support Files/Pods-Glocal/Pods-Glocal-frameworks.sh\"\n";
			showEnvVarsInLog = 0;
		};
/* End PBXShellScriptBuildPhase section */

/* Begin PBXSourcesBuildPhase section */
		3526768E2187E3480031A54A /* Sources */ = {
			isa = PBXSourcesBuildPhase;
			buildActionMask = 2147483647;
			files = (
				35812C4C219CD7B0001AC437 /* InfoTableViewCell.swift in Sources */,
				35812C5E219E9336001AC437 /* Post.swift in Sources */,
				35812C5A219D4026001AC437 /* EntryViewController.swift in Sources */,
				35812C60219E9693001AC437 /* ResultTableViewController.swift in Sources */,
				352676D02187E7480031A54A /* LoginViewController.swift in Sources */,
				352676D42187E7480031A54A /* RegisterViewController.swift in Sources */,
				35812C64219E9700001AC437 /* Influencer.swift in Sources */,
				352676962187E3490031A54A /* AppDelegate.swift in Sources */,
				35812C4A219CD776001AC437 /* InfoTableViewController.swift in Sources */,
				352676D22187E7480031A54A /* ScrollImageViewController.swift in Sources */,
				352676CE2187E7480031A54A /* ProfileViewController.swift in Sources */,
				35812C50219CE6BC001AC437 /* MessageTableViewController.swift in Sources */,
				35812C4E219CE697001AC437 /* MessageTableViewCell.swift in Sources */,
				352676D32187E7480031A54A /* Account.swift in Sources */,
				358877C521922E360074766A /* PagingMenuViewController.swift in Sources */,
				35812C58219D2E5F001AC437 /* ChatViewController.swift in Sources */,
				35812C54219D13B9001AC437 /* MenuTableViewController.swift in Sources */,
				352676D62187F7C40031A54A /* ColorandFontTable.swift in Sources */,
				35812C5C219E0604001AC437 /* SearchViewController.swift in Sources */,
				358877C1219152AE0074766A /* PostTableViewController.swift in Sources */,
				35812C56219D13CB001AC437 /* MenuTableViewCell.swift in Sources */,
				352676CF2187E7480031A54A /* Global.swift in Sources */,
				358877C3219152C60074766A /* PostTableViewCell.swift in Sources */,
				35812C62219E96A7001AC437 /* ResultTableViewCell.swift in Sources */,
				35812C52219CF056001AC437 /* ConnectViewController.swift in Sources */,
			);
			runOnlyForDeploymentPostprocessing = 0;
		};
		352676A22187E34A0031A54A /* Sources */ = {
			isa = PBXSourcesBuildPhase;
			buildActionMask = 2147483647;
			files = (
			);
			runOnlyForDeploymentPostprocessing = 0;
		};
		352676AD2187E34A0031A54A /* Sources */ = {
			isa = PBXSourcesBuildPhase;
			buildActionMask = 2147483647;
			files = (
			);
			runOnlyForDeploymentPostprocessing = 0;
		};
/* End PBXSourcesBuildPhase section */

/* Begin PBXTargetDependency section */
		352676A82187E34A0031A54A /* PBXTargetDependency */ = {
			isa = PBXTargetDependency;
			target = 352676912187E3480031A54A /* Glocal */;
			targetProxy = 352676A72187E34A0031A54A /* PBXContainerItemProxy */;
		};
		352676B32187E34A0031A54A /* PBXTargetDependency */ = {
			isa = PBXTargetDependency;
			target = 352676912187E3480031A54A /* Glocal */;
			targetProxy = 352676B22187E34A0031A54A /* PBXContainerItemProxy */;
		};
/* End PBXTargetDependency section */

/* Begin XCBuildConfiguration section */
		352676B82187E34A0031A54A /* Debug */ = {
			isa = XCBuildConfiguration;
			buildSettings = {
				ALWAYS_SEARCH_USER_PATHS = NO;
				CLANG_ANALYZER_NONNULL = YES;
				CLANG_ANALYZER_NUMBER_OBJECT_CONVERSION = YES_AGGRESSIVE;
				CLANG_CXX_LANGUAGE_STANDARD = "gnu++14";
				CLANG_CXX_LIBRARY = "libc++";
				CLANG_ENABLE_MODULES = YES;
				CLANG_ENABLE_OBJC_ARC = YES;
				CLANG_ENABLE_OBJC_WEAK = YES;
				CLANG_WARN_BLOCK_CAPTURE_AUTORELEASING = YES;
				CLANG_WARN_BOOL_CONVERSION = YES;
				CLANG_WARN_COMMA = YES;
				CLANG_WARN_CONSTANT_CONVERSION = YES;
				CLANG_WARN_DEPRECATED_OBJC_IMPLEMENTATIONS = YES;
				CLANG_WARN_DIRECT_OBJC_ISA_USAGE = YES_ERROR;
				CLANG_WARN_DOCUMENTATION_COMMENTS = YES;
				CLANG_WARN_EMPTY_BODY = YES;
				CLANG_WARN_ENUM_CONVERSION = YES;
				CLANG_WARN_INFINITE_RECURSION = YES;
				CLANG_WARN_INT_CONVERSION = YES;
				CLANG_WARN_NON_LITERAL_NULL_CONVERSION = YES;
				CLANG_WARN_OBJC_IMPLICIT_RETAIN_SELF = YES;
				CLANG_WARN_OBJC_LITERAL_CONVERSION = YES;
				CLANG_WARN_OBJC_ROOT_CLASS = YES_ERROR;
				CLANG_WARN_RANGE_LOOP_ANALYSIS = YES;
				CLANG_WARN_STRICT_PROTOTYPES = YES;
				CLANG_WARN_SUSPICIOUS_MOVE = YES;
				CLANG_WARN_UNGUARDED_AVAILABILITY = YES_AGGRESSIVE;
				CLANG_WARN_UNREACHABLE_CODE = YES;
				CLANG_WARN__DUPLICATE_METHOD_MATCH = YES;
				CODE_SIGN_IDENTITY = "iPhone Developer";
				COPY_PHASE_STRIP = NO;
				DEBUG_INFORMATION_FORMAT = dwarf;
				ENABLE_STRICT_OBJC_MSGSEND = YES;
				ENABLE_TESTABILITY = YES;
				GCC_C_LANGUAGE_STANDARD = gnu11;
				GCC_DYNAMIC_NO_PIC = NO;
				GCC_NO_COMMON_BLOCKS = YES;
				GCC_OPTIMIZATION_LEVEL = 0;
				GCC_PREPROCESSOR_DEFINITIONS = (
					"DEBUG=1",
					"$(inherited)",
				);
				GCC_WARN_64_TO_32_BIT_CONVERSION = YES;
				GCC_WARN_ABOUT_RETURN_TYPE = YES_ERROR;
				GCC_WARN_UNDECLARED_SELECTOR = YES;
				GCC_WARN_UNINITIALIZED_AUTOS = YES_AGGRESSIVE;
				GCC_WARN_UNUSED_FUNCTION = YES;
				GCC_WARN_UNUSED_VARIABLE = YES;
				IPHONEOS_DEPLOYMENT_TARGET = 12.0;
				MTL_ENABLE_DEBUG_INFO = INCLUDE_SOURCE;
				MTL_FAST_MATH = YES;
				ONLY_ACTIVE_ARCH = YES;
				SDKROOT = iphoneos;
				SWIFT_ACTIVE_COMPILATION_CONDITIONS = DEBUG;
				SWIFT_OPTIMIZATION_LEVEL = "-Onone";
			};
			name = Debug;
		};
		352676B92187E34A0031A54A /* Release */ = {
			isa = XCBuildConfiguration;
			buildSettings = {
				ALWAYS_SEARCH_USER_PATHS = NO;
				CLANG_ANALYZER_NONNULL = YES;
				CLANG_ANALYZER_NUMBER_OBJECT_CONVERSION = YES_AGGRESSIVE;
				CLANG_CXX_LANGUAGE_STANDARD = "gnu++14";
				CLANG_CXX_LIBRARY = "libc++";
				CLANG_ENABLE_MODULES = YES;
				CLANG_ENABLE_OBJC_ARC = YES;
				CLANG_ENABLE_OBJC_WEAK = YES;
				CLANG_WARN_BLOCK_CAPTURE_AUTORELEASING = YES;
				CLANG_WARN_BOOL_CONVERSION = YES;
				CLANG_WARN_COMMA = YES;
				CLANG_WARN_CONSTANT_CONVERSION = YES;
				CLANG_WARN_DEPRECATED_OBJC_IMPLEMENTATIONS = YES;
				CLANG_WARN_DIRECT_OBJC_ISA_USAGE = YES_ERROR;
				CLANG_WARN_DOCUMENTATION_COMMENTS = YES;
				CLANG_WARN_EMPTY_BODY = YES;
				CLANG_WARN_ENUM_CONVERSION = YES;
				CLANG_WARN_INFINITE_RECURSION = YES;
				CLANG_WARN_INT_CONVERSION = YES;
				CLANG_WARN_NON_LITERAL_NULL_CONVERSION = YES;
				CLANG_WARN_OBJC_IMPLICIT_RETAIN_SELF = YES;
				CLANG_WARN_OBJC_LITERAL_CONVERSION = YES;
				CLANG_WARN_OBJC_ROOT_CLASS = YES_ERROR;
				CLANG_WARN_RANGE_LOOP_ANALYSIS = YES;
				CLANG_WARN_STRICT_PROTOTYPES = YES;
				CLANG_WARN_SUSPICIOUS_MOVE = YES;
				CLANG_WARN_UNGUARDED_AVAILABILITY = YES_AGGRESSIVE;
				CLANG_WARN_UNREACHABLE_CODE = YES;
				CLANG_WARN__DUPLICATE_METHOD_MATCH = YES;
				CODE_SIGN_IDENTITY = "iPhone Developer";
				COPY_PHASE_STRIP = NO;
				DEBUG_INFORMATION_FORMAT = "dwarf-with-dsym";
				ENABLE_NS_ASSERTIONS = NO;
				ENABLE_STRICT_OBJC_MSGSEND = YES;
				GCC_C_LANGUAGE_STANDARD = gnu11;
				GCC_NO_COMMON_BLOCKS = YES;
				GCC_WARN_64_TO_32_BIT_CONVERSION = YES;
				GCC_WARN_ABOUT_RETURN_TYPE = YES_ERROR;
				GCC_WARN_UNDECLARED_SELECTOR = YES;
				GCC_WARN_UNINITIALIZED_AUTOS = YES_AGGRESSIVE;
				GCC_WARN_UNUSED_FUNCTION = YES;
				GCC_WARN_UNUSED_VARIABLE = YES;
				IPHONEOS_DEPLOYMENT_TARGET = 12.0;
				MTL_ENABLE_DEBUG_INFO = NO;
				MTL_FAST_MATH = YES;
				SDKROOT = iphoneos;
				SWIFT_COMPILATION_MODE = wholemodule;
				SWIFT_OPTIMIZATION_LEVEL = "-O";
				VALIDATE_PRODUCT = YES;
			};
			name = Release;
		};
		352676BB2187E34A0031A54A /* Debug */ = {
			isa = XCBuildConfiguration;
			baseConfigurationReference = 47B39C9B13B856E6B93648BE /* Pods-Glocal.debug.xcconfig */;
			buildSettings = {
				ASSETCATALOG_COMPILER_APPICON_NAME = AppIcon;
				CODE_SIGN_STYLE = Automatic;
				DEVELOPMENT_TEAM = 64VC6J8U2G;
				INFOPLIST_FILE = Glocal/Info.plist;
				IPHONEOS_DEPLOYMENT_TARGET = 12.0;
				LD_RUNPATH_SEARCH_PATHS = (
					"$(inherited)",
					"@executable_path/Frameworks",
				);
				PRODUCT_BUNDLE_IDENTIFIER = KiraMelody.Glocal;
				PRODUCT_NAME = "$(TARGET_NAME)";
				SWIFT_VERSION = 4.2;
				TARGETED_DEVICE_FAMILY = "1,2";
			};
			name = Debug;
		};
		352676BC2187E34A0031A54A /* Release */ = {
			isa = XCBuildConfiguration;
			baseConfigurationReference = F6ACBA5BE4CEF14EC623B2D5 /* Pods-Glocal.release.xcconfig */;
			buildSettings = {
				ASSETCATALOG_COMPILER_APPICON_NAME = AppIcon;
				CODE_SIGN_STYLE = Automatic;
				DEVELOPMENT_TEAM = 64VC6J8U2G;
				INFOPLIST_FILE = Glocal/Info.plist;
				IPHONEOS_DEPLOYMENT_TARGET = 12.0;
				LD_RUNPATH_SEARCH_PATHS = (
					"$(inherited)",
					"@executable_path/Frameworks",
				);
				PRODUCT_BUNDLE_IDENTIFIER = KiraMelody.Glocal;
				PRODUCT_NAME = "$(TARGET_NAME)";
				SWIFT_VERSION = 4.2;
				TARGETED_DEVICE_FAMILY = "1,2";
			};
			name = Release;
		};
		352676BE2187E34A0031A54A /* Debug */ = {
			isa = XCBuildConfiguration;
			baseConfigurationReference = 15B9EE875A89B2559B86A235 /* Pods-GlocalTests.debug.xcconfig */;
			buildSettings = {
				ALWAYS_EMBED_SWIFT_STANDARD_LIBRARIES = YES;
				BUNDLE_LOADER = "$(TEST_HOST)";
				CODE_SIGN_STYLE = Automatic;
				DEVELOPMENT_TEAM = 64VC6J8U2G;
				INFOPLIST_FILE = GlocalTests/Info.plist;
				LD_RUNPATH_SEARCH_PATHS = (
					"$(inherited)",
					"@executable_path/Frameworks",
					"@loader_path/Frameworks",
				);
				PRODUCT_BUNDLE_IDENTIFIER = KiraMelody.GlocalTests;
				PRODUCT_NAME = "$(TARGET_NAME)";
				SWIFT_VERSION = 4.2;
				TARGETED_DEVICE_FAMILY = "1,2";
				TEST_HOST = "$(BUILT_PRODUCTS_DIR)/Glocal.app/Glocal";
			};
			name = Debug;
		};
		352676BF2187E34A0031A54A /* Release */ = {
			isa = XCBuildConfiguration;
			baseConfigurationReference = C72921FC11C80C22C5ACF5B0 /* Pods-GlocalTests.release.xcconfig */;
			buildSettings = {
				ALWAYS_EMBED_SWIFT_STANDARD_LIBRARIES = YES;
				BUNDLE_LOADER = "$(TEST_HOST)";
				CODE_SIGN_STYLE = Automatic;
				DEVELOPMENT_TEAM = 64VC6J8U2G;
				INFOPLIST_FILE = GlocalTests/Info.plist;
				LD_RUNPATH_SEARCH_PATHS = (
					"$(inherited)",
					"@executable_path/Frameworks",
					"@loader_path/Frameworks",
				);
				PRODUCT_BUNDLE_IDENTIFIER = KiraMelody.GlocalTests;
				PRODUCT_NAME = "$(TARGET_NAME)";
				SWIFT_VERSION = 4.2;
				TARGETED_DEVICE_FAMILY = "1,2";
				TEST_HOST = "$(BUILT_PRODUCTS_DIR)/Glocal.app/Glocal";
			};
			name = Release;
		};
		352676C12187E34A0031A54A /* Debug */ = {
			isa = XCBuildConfiguration;
			baseConfigurationReference = 66D2D99DB08DD7B1C8C28A26 /* Pods-GlocalUITests.debug.xcconfig */;
			buildSettings = {
				ALWAYS_EMBED_SWIFT_STANDARD_LIBRARIES = YES;
				CODE_SIGN_STYLE = Automatic;
				DEVELOPMENT_TEAM = 64VC6J8U2G;
				INFOPLIST_FILE = GlocalUITests/Info.plist;
				LD_RUNPATH_SEARCH_PATHS = (
					"$(inherited)",
					"@executable_path/Frameworks",
					"@loader_path/Frameworks",
				);
				PRODUCT_BUNDLE_IDENTIFIER = KiraMelody.GlocalUITests;
				PRODUCT_NAME = "$(TARGET_NAME)";
				SWIFT_VERSION = 4.2;
				TARGETED_DEVICE_FAMILY = "1,2";
				TEST_TARGET_NAME = Glocal;
			};
			name = Debug;
		};
		352676C22187E34A0031A54A /* Release */ = {
			isa = XCBuildConfiguration;
			baseConfigurationReference = C714B7783C86276F3F3B4753 /* Pods-GlocalUITests.release.xcconfig */;
			buildSettings = {
				ALWAYS_EMBED_SWIFT_STANDARD_LIBRARIES = YES;
				CODE_SIGN_STYLE = Automatic;
				DEVELOPMENT_TEAM = 64VC6J8U2G;
				INFOPLIST_FILE = GlocalUITests/Info.plist;
				LD_RUNPATH_SEARCH_PATHS = (
					"$(inherited)",
					"@executable_path/Frameworks",
					"@loader_path/Frameworks",
				);
				PRODUCT_BUNDLE_IDENTIFIER = KiraMelody.GlocalUITests;
				PRODUCT_NAME = "$(TARGET_NAME)";
				SWIFT_VERSION = 4.2;
				TARGETED_DEVICE_FAMILY = "1,2";
				TEST_TARGET_NAME = Glocal;
			};
			name = Release;
		};
/* End XCBuildConfiguration section */

/* Begin XCConfigurationList section */
		3526768D2187E3480031A54A /* Build configuration list for PBXProject "Glocal" */ = {
			isa = XCConfigurationList;
			buildConfigurations = (
				352676B82187E34A0031A54A /* Debug */,
				352676B92187E34A0031A54A /* Release */,
			);
			defaultConfigurationIsVisible = 0;
			defaultConfigurationName = Release;
		};
		352676BA2187E34A0031A54A /* Build configuration list for PBXNativeTarget "Glocal" */ = {
			isa = XCConfigurationList;
			buildConfigurations = (
				352676BB2187E34A0031A54A /* Debug */,
				352676BC2187E34A0031A54A /* Release */,
			);
			defaultConfigurationIsVisible = 0;
			defaultConfigurationName = Release;
		};
		352676BD2187E34A0031A54A /* Build configuration list for PBXNativeTarget "GlocalTests" */ = {
			isa = XCConfigurationList;
			buildConfigurations = (
				352676BE2187E34A0031A54A /* Debug */,
				352676BF2187E34A0031A54A /* Release */,
			);
			defaultConfigurationIsVisible = 0;
			defaultConfigurationName = Release;
		};
		352676C02187E34A0031A54A /* Build configuration list for PBXNativeTarget "GlocalUITests" */ = {
			isa = XCConfigurationList;
			buildConfigurations = (
				352676C12187E34A0031A54A /* Debug */,
				352676C22187E34A0031A54A /* Release */,
			);
			defaultConfigurationIsVisible = 0;
			defaultConfigurationName = Release;
		};
/* End XCConfigurationList section */
	};
	rootObject = 3526768A2187E3480031A54A /* Project object */;
}
